[root]
name = "rustwlc-example"
version = "0.1.0"
dependencies = [
 "lazy_static 0.1.15 (registry+https://github.com/rust-lang/crates.io-index)",
 "rustwlc 0.1.0",
]

[[package]]
name = "lazy_static"
version = "0.1.15"
source = "registry+https://github.com/rust-lang/crates.io-index"

[[package]]
name = "libc"
version = "0.2.7"
source = "registry+https://github.com/rust-lang/crates.io-index"

[[package]]
name = "rustwlc"
version = "0.1.0"
dependencies = [
 "libc 0.2.7 (registry+https://github.com/rust-lang/crates.io-index)",
]

